// !$*UTF8*$!
{
	archiveVersion = 1;
	classes = {
	};
	objectVersion = 46;
	objects = {

/* Begin PBXBuildFile section */
		7863D2FA1B29EA24008584C1 /* AppDelegate.swift in Sources */ = {isa = PBXBuildFile; fileRef = 7863D2F91B29EA24008584C1 /* AppDelegate.swift */; };
		7863D2FC1B29EA24008584C1 /* ViewController.swift in Sources */ = {isa = PBXBuildFile; fileRef = 7863D2FB1B29EA24008584C1 /* ViewController.swift */; };
		7863D2FF1B29EA24008584C1 /* Main.storyboard in Resources */ = {isa = PBXBuildFile; fileRef = 7863D2FD1B29EA24008584C1 /* Main.storyboard */; };
		7863D3011B29EA24008584C1 /* Images.xcassets in Resources */ = {isa = PBXBuildFile; fileRef = 7863D3001B29EA24008584C1 /* Images.xcassets */; };
		7863D3041B29EA24008584C1 /* LaunchScreen.xib in Resources */ = {isa = PBXBuildFile; fileRef = 7863D3021B29EA24008584C1 /* LaunchScreen.xib */; };
		7863D3101B29EA24008584C1 /* Facebook_LoginTests.swift in Sources */ = {isa = PBXBuildFile; fileRef = 7863D30F1B29EA24008584C1 /* Facebook_LoginTests.swift */; };
		7863D31A1B29EA45008584C1 /* FBSDKCoreKit.framework in Frameworks */ = {isa = PBXBuildFile; fileRef = 7863D3191B29EA45008584C1 /* FBSDKCoreKit.framework */; };
		7863D31C1B29EACE008584C1 /* FBSDKLoginKit.framework in Frameworks */ = {isa = PBXBuildFile; fileRef = 7863D31B1B29EACE008584C1 /* FBSDKLoginKit.framework */; };
/* End PBXBuildFile section */

/* Begin PBXContainerItemProxy section */
		7863D30A1B29EA24008584C1 /* PBXContainerItemProxy */ = {
			isa = PBXContainerItemProxy;
			containerPortal = 7863D2EC1B29EA24008584C1 /* Project object */;
			proxyType = 1;
			remoteGlobalIDString = 7863D2F31B29EA24008584C1;
			remoteInfo = "Facebook-Login";
		};
/* End PBXContainerItemProxy section */

/* Begin PBXFileReference section */
		7863D2F41B29EA24008584C1 /* Facebook-Login.app */ = {isa = PBXFileReference; explicitFileType = wrapper.application; includeInIndex = 0; path = "Facebook-Login.app"; sourceTree = BUILT_PRODUCTS_DIR; };
		7863D2F81B29EA24008584C1 /* Info.plist */ = {isa = PBXFileReference; lastKnownFileType = text.plist.xml; path = Info.plist; sourceTree = "<group>"; };
		7863D2F91B29EA24008584C1 /* AppDelegate.swift */ = {isa = PBXFileReference; lastKnownFileType = sourcecode.swift; path = AppDelegate.swift; sourceTree = "<group>"; };
		7863D2FB1B29EA24008584C1 /* ViewController.swift */ = {isa = PBXFileReference; lastKnownFileType = sourcecode.swift; path = ViewController.swift; sourceTree = "<group>"; };
		7863D2FE1B29EA24008584C1 /* Base */ = {isa = PBXFileReference; lastKnownFileType = file.storyboard; name = Base; path = Base.lproj/Main.storyboard; sourceTree = "<group>"; };
		7863D3001B29EA24008584C1 /* Images.xcassets */ = {isa = PBXFileReference; lastKnownFileType = folder.assetcatalog; path = Images.xcassets; sourceTree = "<group>"; };
		7863D3031B29EA24008584C1 /* Base */ = {isa = PBXFileReference; lastKnownFileType = file.xib; name = Base; path = Base.lproj/LaunchScreen.xib; sourceTree = "<group>"; };
		7863D3091B29EA24008584C1 /* Facebook-LoginTests.xctest */ = {isa = PBXFileReference; explicitFileType = wrapper.cfbundle; includeInIndex = 0; path = "Facebook-LoginTests.xctest"; sourceTree = BUILT_PRODUCTS_DIR; };
		7863D30E1B29EA24008584C1 /* Info.plist */ = {isa = PBXFileReference; lastKnownFileType = text.plist.xml; path = Info.plist; sourceTree = "<group>"; };
		7863D30F1B29EA24008584C1 /* Facebook_LoginTests.swift */ = {isa = PBXFileReference; lastKnownFileType = sourcecode.swift; path = Facebook_LoginTests.swift; sourceTree = "<group>"; };
		7863D3191B29EA45008584C1 /* FBSDKCoreKit.framework */ = {isa = PBXFileReference; lastKnownFileType = wrapper.framework; name = FBSDKCoreKit.framework; path = ../../Documents/FacebookSDK/FBSDKCoreKit.framework; sourceTree = "<group>"; };
		7863D31B1B29EACE008584C1 /* FBSDKLoginKit.framework */ = {isa = PBXFileReference; lastKnownFileType = wrapper.framework; name = FBSDKLoginKit.framework; path = ../../Documents/FacebookSDK/FBSDKLoginKit.framework; sourceTree = "<group>"; };
/* End PBXFileReference section */

/* Begin PBXFrameworksBuildPhase section */
		7863D2F11B29EA24008584C1 /* Frameworks */ = {
			isa = PBXFrameworksBuildPhase;
			buildActionMask = 2147483647;
			files = (
				7863D31C1B29EACE008584C1 /* FBSDKLoginKit.framework in Frameworks */,
				7863D31A1B29EA45008584C1 /* FBSDKCoreKit.framework in Frameworks */,
			);
			runOnlyForDeploymentPostprocessing = 0;
		};
		7863D3061B29EA24008584C1 /* Frameworks */ = {
			isa = PBXFrameworksBuildPhase;
			buildActionMask = 2147483647;
			files = (
			);
			runOnlyForDeploymentPostprocessing = 0;
		};
/* End PBXFrameworksBuildPhase section */

/* Begin PBXGroup section */
		7863D2EB1B29EA24008584C1 = {
			isa = PBXGroup;
			children = (
				7863D31B1B29EACE008584C1 /* FBSDKLoginKit.framework */,
				7863D3191B29EA45008584C1 /* FBSDKCoreKit.framework */,
				7863D2F61B29EA24008584C1 /* Facebook-Login */,
				7863D30C1B29EA24008584C1 /* Facebook-LoginTests */,
				7863D2F51B29EA24008584C1 /* Products */,
			);
			sourceTree = "<group>";
		};
		7863D2F51B29EA24008584C1 /* Products */ = {
			isa = PBXGroup;
			children = (
				7863D2F41B29EA24008584C1 /* Facebook-Login.app */,
				7863D3091B29EA24008584C1 /* Facebook-LoginTests.xctest */,
			);
			name = Products;
			sourceTree = "<group>";
		};
		7863D2F61B29EA24008584C1 /* Facebook-Login */ = {
			isa = PBXGroup;
			children = (
				7863D2F91B29EA24008584C1 /* AppDelegate.swift */,
				7863D2FB1B29EA24008584C1 /* ViewController.swift */,
				7863D2FD1B29EA24008584C1 /* Main.storyboard */,
				7863D3001B29EA24008584C1 /* Images.xcassets */,
				7863D3021B29EA24008584C1 /* LaunchScreen.xib */,
				7863D2F71B29EA24008584C1 /* Supporting Files */,
			);
			path = "Facebook-Login";
			sourceTree = "<group>";
		};
		7863D2F71B29EA24008584C1 /* Supporting Files */ = {
			isa = PBXGroup;
			children = (
				7863D2F81B29EA24008584C1 /* Info.plist */,
			);
			name = "Supporting Files";
			sourceTree = "<group>";
		};
		7863D30C1B29EA24008584C1 /* Facebook-LoginTests */ = {
			isa = PBXGroup;
			children = (
				7863D30F1B29EA24008584C1 /* Facebook_LoginTests.swift */,
				7863D30D1B29EA24008584C1 /* Supporting Files */,
			);
			path = "Facebook-LoginTests";
			sourceTree = "<group>";
		};
		7863D30D1B29EA24008584C1 /* Supporting Files */ = {
			isa = PBXGroup;
			children = (
				7863D30E1B29EA24008584C1 /* Info.plist */,
			);
			name = "Supporting Files";
			sourceTree = "<group>";
		};
/* End PBXGroup section */

/* Begin PBXNativeTarget section */
		7863D2F31B29EA24008584C1 /* Facebook-Login */ = {
			isa = PBXNativeTarget;
			buildConfigurationList = 7863D3131B29EA24008584C1 /* Build configuration list for PBXNativeTarget "Facebook-Login" */;
			buildPhases = (
				7863D2F01B29EA24008584C1 /* Sources */,
				7863D2F11B29EA24008584C1 /* Frameworks */,
				7863D2F21B29EA24008584C1 /* Resources */,
			);
			buildRules = (
			);
			dependencies = (
			);
			name = "Facebook-Login";
			productName = "Facebook-Login";
			productReference = 7863D2F41B29EA24008584C1 /* Facebook-Login.app */;
			productType = "com.apple.product-type.application";
		};
		7863D3081B29EA24008584C1 /* Facebook-LoginTests */ = {
			isa = PBXNativeTarget;
			buildConfigurationList = 7863D3161B29EA24008584C1 /* Build configuration list for PBXNativeTarget "Facebook-LoginTests" */;
			buildPhases = (
				7863D3051B29EA24008584C1 /* Sources */,
				7863D3061B29EA24008584C1 /* Frameworks */,
				7863D3071B29EA24008584C1 /* Resources */,
			);
			buildRules = (
			);
			dependencies = (
				7863D30B1B29EA24008584C1 /* PBXTargetDependency */,
			);
			name = "Facebook-LoginTests";
			productName = "Facebook-LoginTests";
			productReference = 7863D3091B29EA24008584C1 /* Facebook-LoginTests.xctest */;
			productType = "com.apple.product-type.bundle.unit-test";
		};
/* End PBXNativeTarget section */

/* Begin PBXProject section */
		7863D2EC1B29EA24008584C1 /* Project object */ = {
			isa = PBXProject;
			attributes = {
				LastSwiftMigration = 0730;
				LastSwiftUpdateCheck = 0730;
				LastUpgradeCheck = 0630;
				ORGANIZATIONNAME = "Vea Software";
				TargetAttributes = {
					7863D2F31B29EA24008584C1 = {
						CreatedOnToolsVersion = 6.3.2;
						DevelopmentTeam = VELBS5C74P;
					};
					7863D3081B29EA24008584C1 = {
						CreatedOnToolsVersion = 6.3.2;
						TestTargetID = 7863D2F31B29EA24008584C1;
					};
				};
			};
			buildConfigurationList = 7863D2EF1B29EA24008584C1 /* Build configuration list for PBXProject "Facebook-Login" */;
			compatibilityVersion = "Xcode 3.2";
			developmentRegion = English;
			hasScannedForEncodings = 0;
			knownRegions = (
				en,
				Base,
			);
			mainGroup = 7863D2EB1B29EA24008584C1;
			productRefGroup = 7863D2F51B29EA24008584C1 /* Products */;
			projectDirPath = "";
			projectRoot = "";
			targets = (
				7863D2F31B29EA24008584C1 /* Facebook-Login */,
				7863D3081B29EA24008584C1 /* Facebook-LoginTests */,
			);
		};
/* End PBXProject section */

/* Begin PBXResourcesBuildPhase section */
		7863D2F21B29EA24008584C1 /* Resources */ = {
			isa = PBXResourcesBuildPhase;
			buildActionMask = 2147483647;
			files = (
				7863D2FF1B29EA24008584C1 /* Main.storyboard in Resources */,
				7863D3041B29EA24008584C1 /* LaunchScreen.xib in Resources */,
				7863D3011B29EA24008584C1 /* Images.xcassets in Resources */,
			);
			runOnlyForDeploymentPostprocessing = 0;
		};
		7863D3071B29EA24008584C1 /* Resources */ = {
			isa = PBXResourcesBuildPhase;
			buildActionMask = 2147483647;
			files = (
			);
			runOnlyForDeploymentPostprocessing = 0;
		};
/* End PBXResourcesBuildPhase section */

/* Begin PBXSourcesBuildPhase section */
		7863D2F01B29EA24008584C1 /* Sources */ = {
			isa = PBXSourcesBuildPhase;
			buildActionMask = 2147483647;
			files = (
				7863D2FC1B29EA24008584C1 /* ViewController.swift in Sources */,
				7863D2FA1B29EA24008584C1 /* AppDelegate.swift in Sources */,
			);
			runOnlyForDeploymentPostprocessing = 0;
		};
		7863D3051B29EA24008584C1 /* Sources */ = {
			isa = PBXSourcesBuildPhase;
			buildActionMask = 2147483647;
			files = (
				7863D3101B29EA24008584C1 /* Facebook_LoginTests.swift in Sources */,
			);
			runOnlyForDeploymentPostprocessing = 0;
		};
/* End PBXSourcesBuildPhase section */

/* Begin PBXTargetDependency section */
		7863D30B1B29EA24008584C1 /* PBXTargetDependency */ = {
			isa = PBXTargetDependency;
			target = 7863D2F31B29EA24008584C1 /* Facebook-Login */;
			targetProxy = 7863D30A1B29EA24008584C1 /* PBXContainerItemProxy */;
		};
/* End PBXTargetDependency section */

/* Begin PBXVariantGroup section */
		7863D2FD1B29EA24008584C1 /* Main.storyboard */ = {
			isa = PBXVariantGroup;
			children = (
				7863D2FE1B29EA24008584C1 /* Base */,
			);
			name = Main.storyboard;
			sourceTree = "<group>";
		};
		7863D3021B29EA24008584C1 /* LaunchScreen.xib */ = {
			isa = PBXVariantGroup;
			children = (
				7863D3031B29EA24008584C1 /* Base */,
			);
			name = LaunchScreen.xib;
			sourceTree = "<group>";
		};
/* End PBXVariantGroup section */

/* Begin XCBuildConfiguration section */
		7863D3111B29EA24008584C1 /* Debug */ = {
			isa = XCBuildConfiguration;
			buildSettings = {
				ALWAYS_SEARCH_USER_PATHS = NO;
				CLANG_CXX_LANGUAGE_STANDARD = "gnu++0x";
				CLANG_CXX_LIBRARY = "libc++";
				CLANG_ENABLE_MODULES = YES;
				CLANG_ENABLE_OBJC_ARC = YES;
				CLANG_WARN_BOOL_CONVERSION = YES;
				CLANG_WARN_CONSTANT_CONVERSION = YES;
				CLANG_WARN_DIRECT_OBJC_ISA_USAGE = YES_ERROR;
				CLANG_WARN_EMPTY_BODY = YES;
				CLANG_WARN_ENUM_CONVERSION = YES;
				CLANG_WARN_INT_CONVERSION = YES;
				CLANG_WARN_OBJC_ROOT_CLASS = YES_ERROR;
				CLANG_WARN_UNREACHABLE_CODE = YES;
				CLANG_WARN__DUPLICATE_METHOD_MATCH = YES;
				"CODE_SIGN_IDENTITY[sdk=iphoneos*]" = "iPhone Developer";
				COPY_PHASE_STRIP = NO;
				DEBUG_INFORMATION_FORMAT = "dwarf-with-dsym";
				ENABLE_STRICT_OBJC_MSGSEND = YES;
				GCC_C_LANGUAGE_STANDARD = gnu99;
				GCC_DYNAMIC_NO_PIC = NO;
				GCC_NO_COMMON_BLOCKS = YES;
				GCC_OPTIMIZATION_LEVEL = 0;
				GCC_PREPROCESSOR_DEFINITIONS = (
					"DEBUG=1",
					"$(inherited)",
				);
				GCC_SYMBOLS_PRIVATE_EXTERN = NO;
				GCC_WARN_64_TO_32_BIT_CONVERSION = YES;
				GCC_WARN_ABOUT_RETURN_TYPE = YES_ERROR;
				GCC_WARN_UNDECLARED_SELECTOR = YES;
				GCC_WARN_UNINITIALIZED_AUTOS = YES_AGGRESSIVE;
				GCC_WARN_UNUSED_FUNCTION = YES;
				GCC_WARN_UNUSED_VARIABLE = YES;
				IPHONEOS_DEPLOYMENT_TARGET = 8.3;
				MTL_ENABLE_DEBUG_INFO = YES;
				ONLY_ACTIVE_ARCH = YES;
				SDKROOT = iphoneos;
				SWIFT_OPTIMIZATION_LEVEL = "-Onone";
			};
			name = Debug;
		};
		7863D3121B29EA24008584C1 /* Release */ = {
			isa = XCBuildConfiguration;
			buildSettings = {
				ALWAYS_SEARCH_USER_PATHS = NO;
				CLANG_CXX_LANGUAGE_STANDARD = "gnu++0x";
				CLANG_CXX_LIBRARY = "libc++";
				CLANG_ENABLE_MODULES = YES;
				CLANG_ENABLE_OBJC_ARC = YES;
				CLANG_WARN_BOOL_CONVERSION = YES;
				CLANG_WARN_CONSTANT_CONVERSION = YES;
				CLANG_WARN_DIRECT_OBJC_ISA_USAGE = YES_ERROR;
				CLANG_WARN_EMPTY_BODY = YES;
				CLANG_WARN_ENUM_CONVERSION = YES;
				CLANG_WARN_INT_CONVERSION = YES;
				CLANG_WARN_OBJC_ROOT_CLASS = YES_ERROR;
				CLANG_WARN_UNREACHABLE_CODE = YES;
				CLANG_WARN__DUPLICATE_METHOD_MATCH = YES;
				"CODE_SIGN_IDENTITY[sdk=iphoneos*]" = "iPhone Developer";
				COPY_PHASE_STRIP = NO;
				DEBUG_INFORMATION_FORMAT = "dwarf-with-dsym";
				ENABLE_NS_ASSERTIONS = NO;
				ENABLE_STRICT_OBJC_MSGSEND = YES;
				GCC_C_LANGUAGE_STANDARD = gnu99;
				GCC_NO_COMMON_BLOCKS = YES;
				GCC_WARN_64_TO_32_BIT_CONVERSION = YES;
				GCC_WARN_ABOUT_RETURN_TYPE = YES_ERROR;
				GCC_WARN_UNDECLARED_SELECTOR = YES;
				GCC_WARN_UNINITIALIZED_AUTOS = YES_AGGRESSIVE;
				GCC_WARN_UNUSED_FUNCTION = YES;
				GCC_WARN_UNUSED_VARIABLE = YES;
				IPHONEOS_DEPLOYMENT_TARGET = 8.3;
				MTL_ENABLE_DEBUG_INFO = NO;
				SDKROOT = iphoneos;
				VALIDATE_PRODUCT = YES;
			};
			name = Release;
		};
		7863D3141B29EA24008584C1 /* Debug */ = {
			isa = XCBuildConfiguration;
			buildSettings = {
				ASSETCATALOG_COMPILER_APPICON_NAME = AppIcon;
				CODE_SIGN_IDENTITY = "iPhone Developer";
				FRAMEWORK_SEARCH_PATHS = (
					"$(inherited)",
					/Users/pjvea/Documents/FacebookSDK,
				);
				INFOPLIST_FILE = "Facebook-Login/Info.plist";
				LD_RUNPATH_SEARCH_PATHS = "$(inherited) @executable_path/Frameworks";
				PRODUCT_BUNDLE_IDENTIFIER = "Facebook-Login";
				PRODUCT_NAME = "$(TARGET_NAME)";
			};
			name = Debug;
		};
		7863D3151B29EA24008584C1 /* Release */ = {
			isa = XCBuildConfiguration;
			buildSettings = {
				ASSETCATALOG_COMPILER_APPICON_NAME = AppIcon;
				CODE_SIGN_IDENTITY = "iPhone Developer";
				FRAMEWORK_SEARCH_PATHS = (
					"$(inherited)",
					/Users/pjvea/Documents/FacebookSDK,
				);
				INFOPLIST_FILE = "Facebook-Login/Info.plist";
				LD_RUNPATH_SEARCH_PATHS = "$(inherited) @executable_path/Frameworks";
				PRODUCT_BUNDLE_IDENTIFIER = "Facebook-Login";
				PRODUCT_NAME = "$(TARGET_NAME)";
			};
			name = Release;
		};
		7863D3171B29EA24008584C1 /* Debug */ = {
			isa = XCBuildConfiguration;
			buildSettings = {
				BUNDLE_LOADER = "$(TEST_HOST)";
				FRAMEWORK_SEARCH_PATHS = (
					"$(SDKROOT)/Developer/Library/Frameworks",
					"$(inherited)",
				);
				GCC_PREPROCESSOR_DEFINITIONS = (
					"DEBUG=1",
					"$(inherited)",
				);
				INFOPLIST_FILE = "Facebook-LoginTests/Info.plist";
				LD_RUNPATH_SEARCH_PATHS = "$(inherited) @executable_path/Frameworks @loader_path/Frameworks";
				PRODUCT_NAME = "$(TARGET_NAME)";
				TEST_HOST = "$(BUILT_PRODUCTS_DIR)/Facebook-Login.app/Facebook-Login";
			};
			name = Debug;
		};
		7863D3181B29EA24008584C1 /* Release */ = {
			isa = XCBuildConfiguration;
			buildSettings = {
				BUNDLE_LOADER = "$(TEST_HOST)";
				FRAMEWORK_SEARCH_PATHS = (
					"$(SDKROOT)/Developer/Library/Frameworks",
					"$(inherited)",
				);
				INFOPLIST_FILE = "Facebook-LoginTests/Info.plist";
				LD_RUNPATH_SEARCH_PATHS = "$(inherited) @executable_path/Frameworks @loader_path/Frameworks";
				PRODUCT_NAME = "$(TARGET_NAME)";
				TEST_HOST = "$(BUILT_PRODUCTS_DIR)/Facebook-Login.app/Facebook-Login";
			};
			name = Release;
		};
/* End XCBuildConfiguration section */

/* Begin XCConfigurationList section */
		7863D2EF1B29EA24008584C1 /* Build configuration list for PBXProject "Facebook-Login" */ = {
			isa = XCConfigurationList;
			buildConfigurations = (
				7863D3111B29EA24008584C1 /* Debug */,
				7863D3121B29EA24008584C1 /* Release */,
			);
			defaultConfigurationIsVisible = 0;
			defaultConfigurationName = Release;
		};
		7863D3131B29EA24008584C1 /* Build configuration list for PBXNativeTarget "Facebook-Login" */ = {
			isa = XCConfigurationList;
			buildConfigurations = (
				7863D3141B29EA24008584C1 /* Debug */,
				7863D3151B29EA24008584C1 /* Release */,
			);
			defaultConfigurationIsVisible = 0;
			defaultConfigurationName = Release;
		};
		7863D3161B29EA24008584C1 /* Build configuration list for PBXNativeTarget "Facebook-LoginTests" */ = {
			isa = XCConfigurationList;
			buildConfigurations = (
				7863D3171B29EA24008584C1 /* Debug */,
				7863D3181B29EA24008584C1 /* Release */,
			);
			defaultConfigurationIsVisible = 0;
			defaultConfigurationName = Release;
		};
/* End XCConfigurationList section */
	};
	rootObject = 7863D2EC1B29EA24008584C1 /* Project object */;
}
